%{
  "qex": {:hex, :qex, "0.5.0", "5a3a9becf67d4006377c4c247ffdaaa8ae5b3634a0caadb788dc24d6125068f4", [:mix], [], "hexpm", "4ad6f6421163cd8204509a119a5c9813cbb969cfb8d802a9dc49b968bffbac2a"},
  "typed_struct": {:hex, :typed_struct, "0.2.1", "e1993414c371f09ff25231393b6430bd89d780e2a499ae3b2d2b00852f593d97", [:mix], [], "hexpm", "8f5218c35ec38262f627b2c522542f1eae41f625f92649c0af701a6fab2e11b3"},
}
